
Microsoft Visual Studio Solution File, Format Version 12.00
# Visual Studio Version 17
VisualStudioVersion = 17.4.33122.133
MinimumVisualStudioVersion = 10.0.40219.1
Project("{FAE04EC0-301F-11D3-BF4B-00C04F79EFBC}") = "UserRegistrationDay20", "UserRegistrationday20\UserRegistrationDay20.csproj", "{D9D88A6F-EAB8-4637-B318-C86FB2FD6013}"
EndProject
Global
	GlobalSection(SolutionConfigurationPlatforms) = preSolution
		Debug|Any CPU = Debug|Any CPU
		Release|Any CPU = Release|Any CPU
	EndGlobalSection
	GlobalSection(ProjectConfigurationPlatforms) = postSolution
		{D9D88A6F-EAB8-4637-B318-C86FB2FD6013}.Debug|Any CPU.ActiveCfg = Debug|Any CPU
		{D9D88A6F-EAB8-4637-B318-C86FB2FD6013}.Debug|Any CPU.Build.0 = Debug|Any CPU
		{D9D88A6F-EAB8-4637-B318-C86FB2FD6013}.Release|Any CPU.ActiveCfg = Release|Any CPU
		{D9D88A6F-EAB8-4637-B318-C86FB2FD6013}.Release|Any CPU.Build.0 = Release|Any CPU
	EndGlobalSection
	GlobalSection(SolutionProperties) = preSolution
		HideSolutionNode = FALSE
	EndGlobalSection
	GlobalSection(ExtensibilityGlobals) = postSolution
		SolutionGuid = {65A7FAB5-8DFC-40E7-8E47-2FC975FB9205}
	EndGlobalSection
EndGlobal
